{
  "name": "magazine",
  "lockfileVersion": 3,
  "requires": true,
  "packages": {
    "": {
      "dependencies": {
        "turn.js": "^1.0.5"
      }
    },
    "node_modules/jquery": {
      "version": "1.12.0",
      "resolved": "https://registry.npmjs.org/jquery/-/jquery-1.12.0.tgz",
      "integrity": "sha512-fnEEC7ylFkIKfOGvEky9Odcth1VYo61dfkQLxlDHjtNoIY9ssxybvTSG5xLDbutWdKn+grAu4EUJfhSUZODktQ=="
    },
    "node_modules/turn.js": {
      "version": "1.0.5",
      "resolved": "https://registry.npmjs.org/turn.js/-/turn.js-1.0.5.tgz",
      "integrity": "sha512-36XRk5f6pm02AaPDEomJwfd7huc5U3SHv/ROBiL+rHBRuh1hkdxuuEwHiMW934lOJAsR+ML6XksPNUgRk1lPTQ==",
      "dependencies": {
        "jquery": "1.12.0"
      }
    }
  }
}
